
Microsoft Visual Studio Solution File, Format Version 12.00
# Visual Studio Version 17
VisualStudioVersion = 17.2.32602.215
MinimumVisualStudioVersion = 10.0.40219.1
Project("{FAE04EC0-301F-11D3-BF4B-00C04F79EFBC}") = "Mike_McNeal_Unit2_IT481", "Mike_McNeal_Unit2_IT481\Mike_McNeal_Unit2_IT481.csproj", "{1BAA6A14-1536-4B44-8DEA-F8BC3421048D}"
EndProject
Global
	GlobalSection(SolutionConfigurationPlatforms) = preSolution
		Debug|Any CPU = Debug|Any CPU
		Release|Any CPU = Release|Any CPU
	EndGlobalSection
	GlobalSection(ProjectConfigurationPlatforms) = postSolution
		{1BAA6A14-1536-4B44-8DEA-F8BC3421048D}.Debug|Any CPU.ActiveCfg = Debug|Any CPU
		{1BAA6A14-1536-4B44-8DEA-F8BC3421048D}.Debug|Any CPU.Build.0 = Debug|Any CPU
		{1BAA6A14-1536-4B44-8DEA-F8BC3421048D}.Release|Any CPU.ActiveCfg = Release|Any CPU
		{1BAA6A14-1536-4B44-8DEA-F8BC3421048D}.Release|Any CPU.Build.0 = Release|Any CPU
	EndGlobalSection
	GlobalSection(SolutionProperties) = preSolution
		HideSolutionNode = FALSE
	EndGlobalSection
	GlobalSection(ExtensibilityGlobals) = postSolution
		SolutionGuid = {83DFAC15-DE3B-4CA8-A099-DFB94E9066CB}
	EndGlobalSection
EndGlobal
